
Microsoft Visual Studio Solution File, Format Version 11.00
# Visual Studio 2010
Project("{FAE04EC0-301F-11D3-BF4B-00C04F79EFBC}") = "Pong++", "Pong++\Pong++\Pong++.csproj", "{9C732768-87D5-44B0-BB0C-A47E3593ECBE}"
EndProject
Project("{96E2B04D-8817-42C6-938A-82C39BA4D311}") = "Pong++Content", "Pong++\Pong++Content\Pong++Content.contentproj", "{1DBE3195-A6DB-4296-B8FE-E4471583CC6C}"
EndProject
Global
	GlobalSection(SolutionConfigurationPlatforms) = preSolution
		Debug|x86 = Debug|x86
		Release|x86 = Release|x86
	EndGlobalSection
	GlobalSection(ProjectConfigurationPlatforms) = postSolution
		{9C732768-87D5-44B0-BB0C-A47E3593ECBE}.Debug|x86.ActiveCfg = Debug|x86
		{9C732768-87D5-44B0-BB0C-A47E3593ECBE}.Debug|x86.Build.0 = Debug|x86
		{9C732768-87D5-44B0-BB0C-A47E3593ECBE}.Release|x86.ActiveCfg = Release|x86
		{9C732768-87D5-44B0-BB0C-A47E3593ECBE}.Release|x86.Build.0 = Release|x86
		{1DBE3195-A6DB-4296-B8FE-E4471583CC6C}.Debug|x86.ActiveCfg = Debug|x86
		{1DBE3195-A6DB-4296-B8FE-E4471583CC6C}.Release|x86.ActiveCfg = Release|x86
	EndGlobalSection
	GlobalSection(SolutionProperties) = preSolution
		HideSolutionNode = FALSE
	EndGlobalSection
EndGlobal
