
Microsoft Visual Studio Solution File, Format Version 11.00
# Visual C# Express 2010
Project("{FAE04EC0-301F-11D3-BF4B-00C04F79EFBC}") = "DamesGamesV3", "DamesGamesV3\DamesGamesV3\DamesGamesV3.csproj", "{D60B3B2E-405D-45E6-AE2C-85F34673EE48}"
EndProject
Project("{96E2B04D-8817-42C6-938A-82C39BA4D311}") = "DamesGamesV3Content", "DamesGamesV3\DamesGamesV3Content\DamesGamesV3Content.contentproj", "{1DCB723B-1AB0-4517-ACD4-C1E3226C031F}"
EndProject
Global
	GlobalSection(SolutionConfigurationPlatforms) = preSolution
		Debug|x86 = Debug|x86
		Release|x86 = Release|x86
	EndGlobalSection
	GlobalSection(ProjectConfigurationPlatforms) = postSolution
		{D60B3B2E-405D-45E6-AE2C-85F34673EE48}.Debug|x86.ActiveCfg = Debug|x86
		{D60B3B2E-405D-45E6-AE2C-85F34673EE48}.Debug|x86.Build.0 = Debug|x86
		{D60B3B2E-405D-45E6-AE2C-85F34673EE48}.Release|x86.ActiveCfg = Release|x86
		{D60B3B2E-405D-45E6-AE2C-85F34673EE48}.Release|x86.Build.0 = Release|x86
		{1DCB723B-1AB0-4517-ACD4-C1E3226C031F}.Debug|x86.ActiveCfg = Debug|x86
		{1DCB723B-1AB0-4517-ACD4-C1E3226C031F}.Release|x86.ActiveCfg = Release|x86
	EndGlobalSection
	GlobalSection(SolutionProperties) = preSolution
		HideSolutionNode = FALSE
	EndGlobalSection
EndGlobal
